
Microsoft Visual Studio Solution File, Format Version 12.00
# Visual Studio Version 17
VisualStudioVersion = 17.4.33122.133
MinimumVisualStudioVersion = 10.0.40219.1
Project("{9A19103F-16F7-4668-BE54-9A1E7A4F7556}") = "TgDownloaderConsole", "TgDownloaderConsole\TgDownloaderConsole.csproj", "{1F5AD2BD-C961-4847-8EFF-F4AA369FEF3F}"
EndProject
Project("{2150E333-8FDC-42A3-9474-1A3956D46DE8}") = "Solution Items", "Solution Items", "{83EEBD4F-D943-4FBC-9F37-40641C6D8D4F}"
	ProjectSection(SolutionItems) = preProject
		CHANGELOG-RUS.md = CHANGELOG-RUS.md
		CHANGELOG.md = CHANGELOG.md
		LICENSE.md = LICENSE.md
		README.md = README.md
	EndProjectSection
EndProject
Project("{9A19103F-16F7-4668-BE54-9A1E7A4F7556}") = "TgDownloaderCore", "TgDownloaderCore\TgDownloaderCore.csproj", "{41B506E0-857A-4398-9995-D4D3DFC08DCD}"
EndProject
Project("{9A19103F-16F7-4668-BE54-9A1E7A4F7556}") = "TgDownloaderCoreTest", "TgDownloaderCoreTest\TgDownloaderCoreTest.csproj", "{ACAA12F3-5667-4E3B-9257-70E42C925C96}"
EndProject
Project("{9A19103F-16F7-4668-BE54-9A1E7A4F7556}") = "TgDownloaderConsoleTest", "TgDownloaderConsoleTest\TgDownloaderConsoleTest.csproj", "{3B97381D-1120-4DD8-ACFA-40953F1A5378}"
EndProject
Project("{9A19103F-16F7-4668-BE54-9A1E7A4F7556}") = "TgLocaleCore", "TgLocaleCore\TgLocaleCore.csproj", "{DCBD5877-EB12-4B67-A416-3B0A384BE728}"
EndProject
Project("{9A19103F-16F7-4668-BE54-9A1E7A4F7556}") = "TgStorageCore", "TgStorageCore\TgStorageCore.csproj", "{CDB4A716-0218-49EE-B98E-DAA05843CC6E}"
EndProject
Project("{9A19103F-16F7-4668-BE54-9A1E7A4F7556}") = "TgStorageCoreTest", "TgStorageCoreTest\TgStorageCoreTest.csproj", "{75D3A95F-8400-4ABF-A593-45F6FEFC184C}"
EndProject
Global
	GlobalSection(SolutionConfigurationPlatforms) = preSolution
		Debug|Any CPU = Debug|Any CPU
		Release|Any CPU = Release|Any CPU
	EndGlobalSection
	GlobalSection(ProjectConfigurationPlatforms) = postSolution
		{1F5AD2BD-C961-4847-8EFF-F4AA369FEF3F}.Debug|Any CPU.ActiveCfg = Debug|Any CPU
		{1F5AD2BD-C961-4847-8EFF-F4AA369FEF3F}.Debug|Any CPU.Build.0 = Debug|Any CPU
		{1F5AD2BD-C961-4847-8EFF-F4AA369FEF3F}.Release|Any CPU.ActiveCfg = Release|Any CPU
		{1F5AD2BD-C961-4847-8EFF-F4AA369FEF3F}.Release|Any CPU.Build.0 = Release|Any CPU
		{41B506E0-857A-4398-9995-D4D3DFC08DCD}.Debug|Any CPU.ActiveCfg = Debug|Any CPU
		{41B506E0-857A-4398-9995-D4D3DFC08DCD}.Debug|Any CPU.Build.0 = Debug|Any CPU
		{41B506E0-857A-4398-9995-D4D3DFC08DCD}.Release|Any CPU.ActiveCfg = Release|Any CPU
		{41B506E0-857A-4398-9995-D4D3DFC08DCD}.Release|Any CPU.Build.0 = Release|Any CPU
		{ACAA12F3-5667-4E3B-9257-70E42C925C96}.Debug|Any CPU.ActiveCfg = Debug|Any CPU
		{ACAA12F3-5667-4E3B-9257-70E42C925C96}.Debug|Any CPU.Build.0 = Debug|Any CPU
		{ACAA12F3-5667-4E3B-9257-70E42C925C96}.Release|Any CPU.ActiveCfg = Release|Any CPU
		{ACAA12F3-5667-4E3B-9257-70E42C925C96}.Release|Any CPU.Build.0 = Release|Any CPU
		{3B97381D-1120-4DD8-ACFA-40953F1A5378}.Debug|Any CPU.ActiveCfg = Debug|Any CPU
		{3B97381D-1120-4DD8-ACFA-40953F1A5378}.Debug|Any CPU.Build.0 = Debug|Any CPU
		{3B97381D-1120-4DD8-ACFA-40953F1A5378}.Release|Any CPU.ActiveCfg = Release|Any CPU
		{3B97381D-1120-4DD8-ACFA-40953F1A5378}.Release|Any CPU.Build.0 = Release|Any CPU
		{DCBD5877-EB12-4B67-A416-3B0A384BE728}.Debug|Any CPU.ActiveCfg = Debug|Any CPU
		{DCBD5877-EB12-4B67-A416-3B0A384BE728}.Debug|Any CPU.Build.0 = Debug|Any CPU
		{DCBD5877-EB12-4B67-A416-3B0A384BE728}.Release|Any CPU.ActiveCfg = Release|Any CPU
		{DCBD5877-EB12-4B67-A416-3B0A384BE728}.Release|Any CPU.Build.0 = Release|Any CPU
		{CDB4A716-0218-49EE-B98E-DAA05843CC6E}.Debug|Any CPU.ActiveCfg = Debug|Any CPU
		{CDB4A716-0218-49EE-B98E-DAA05843CC6E}.Debug|Any CPU.Build.0 = Debug|Any CPU
		{CDB4A716-0218-49EE-B98E-DAA05843CC6E}.Release|Any CPU.ActiveCfg = Release|Any CPU
		{CDB4A716-0218-49EE-B98E-DAA05843CC6E}.Release|Any CPU.Build.0 = Release|Any CPU
		{75D3A95F-8400-4ABF-A593-45F6FEFC184C}.Debug|Any CPU.ActiveCfg = Debug|Any CPU
		{75D3A95F-8400-4ABF-A593-45F6FEFC184C}.Debug|Any CPU.Build.0 = Debug|Any CPU
		{75D3A95F-8400-4ABF-A593-45F6FEFC184C}.Release|Any CPU.ActiveCfg = Release|Any CPU
		{75D3A95F-8400-4ABF-A593-45F6FEFC184C}.Release|Any CPU.Build.0 = Release|Any CPU
	EndGlobalSection
	GlobalSection(SolutionProperties) = preSolution
		HideSolutionNode = FALSE
	EndGlobalSection
	GlobalSection(ExtensibilityGlobals) = postSolution
		SolutionGuid = {B5CEF6C8-2885-432D-9D8C-8EDBCEB7AA2C}
	EndGlobalSection
EndGlobal
