
Microsoft Visual Studio Solution File, Format Version 12.00
# Visual Studio Version 17
VisualStudioVersion = 17.4.33122.133
MinimumVisualStudioVersion = 10.0.40219.1
Project("{9A19103F-16F7-4668-BE54-9A1E7A4F7556}") = "TgDownloaderConsole", "TgDownloaderConsole\TgDownloaderConsole.csproj", "{1F5AD2BD-C961-4847-8EFF-F4AA369FEF3F}"
EndProject
Project("{2150E333-8FDC-42A3-9474-1A3956D46DE8}") = "Solution Items", "Solution Items", "{83EEBD4F-D943-4FBC-9F37-40641C6D8D4F}"
	ProjectSection(SolutionItems) = preProject
		CHANGELOG-RUS.md = CHANGELOG-RUS.md
		CHANGELOG.md = CHANGELOG.md
		GUIDES-RUS.md = GUIDES-RUS.md
		GUIDES.md = GUIDES.md
		LICENSE.md = LICENSE.md
		README-RUS.md = README-RUS.md
		README.md = README.md
		RELEASE.md = RELEASE.md
		SCREENSHOTS.md = SCREENSHOTS.md
	EndProjectSection
EndProject
Project("{9A19103F-16F7-4668-BE54-9A1E7A4F7556}") = "TgDownloaderConsoleTest", "TgDownloaderConsoleTest\TgDownloaderConsoleTest.csproj", "{3B97381D-1120-4DD8-ACFA-40953F1A5378}"
EndProject
Project("{9A19103F-16F7-4668-BE54-9A1E7A4F7556}") = "TgAssertCoreTests", "TgAssertCoreTests\TgAssertCoreTests.csproj", "{6912FF31-716E-429D-BEAF-A04800A438FF}"
EndProject
Project("{2150E333-8FDC-42A3-9474-1A3956D46DE8}") = "Core", "Core", "{BC2545B1-7D32-4DBC-BA36-C49AF2536B82}"
EndProject
Project("{2150E333-8FDC-42A3-9474-1A3956D46DE8}") = "Tests", "Tests", "{53975472-4A48-4B67-8AF5-029EF31DEA39}"
EndProject
Project("{2150E333-8FDC-42A3-9474-1A3956D46DE8}") = "Clients", "Clients", "{3F563803-8BCB-4477-89CF-91167A8F887C}"
EndProject
Project("{9A19103F-16F7-4668-BE54-9A1E7A4F7556}") = "TgCore", "TgCore\TgCore.csproj", "{2B8D70FE-025D-433F-95F6-518B457144E6}"
EndProject
Project("{9A19103F-16F7-4668-BE54-9A1E7A4F7556}") = "TgStorage", "TgStorage\TgStorage.csproj", "{D3EDC549-51B1-424E-AFE9-1E63013D9C06}"
EndProject
Project("{9A19103F-16F7-4668-BE54-9A1E7A4F7556}") = "TgStorageTest", "TgStorageTest\TgStorageTest.csproj", "{9FE18989-ADC4-4857-A874-EFFA527D82BD}"
EndProject
Project("{9A19103F-16F7-4668-BE54-9A1E7A4F7556}") = "TgDownloader", "TgDownloader\TgDownloader.csproj", "{F9614C3B-E4D2-440C-8E9B-3D9ED26D1B64}"
EndProject
Project("{9A19103F-16F7-4668-BE54-9A1E7A4F7556}") = "TgDownloaderTest", "TgDownloaderTest\TgDownloaderTest.csproj", "{CE3B1461-2555-4596-AAFE-A8C4DB25A9AF}"
EndProject
Project("{9A19103F-16F7-4668-BE54-9A1E7A4F7556}") = "TgCoreTests", "TgCoreTests\TgCoreTests.csproj", "{9AE429C9-ECC3-493F-846F-F5B1D332865D}"
EndProject
Global
	GlobalSection(SolutionConfigurationPlatforms) = preSolution
		Debug|Any CPU = Debug|Any CPU
		Debug|x64 = Debug|x64
		Debug|x86 = Debug|x86
		Release|Any CPU = Release|Any CPU
		Release|x64 = Release|x64
		Release|x86 = Release|x86
	EndGlobalSection
	GlobalSection(ProjectConfigurationPlatforms) = postSolution
		{1F5AD2BD-C961-4847-8EFF-F4AA369FEF3F}.Debug|Any CPU.ActiveCfg = Debug|Any CPU
		{1F5AD2BD-C961-4847-8EFF-F4AA369FEF3F}.Debug|Any CPU.Build.0 = Debug|Any CPU
		{1F5AD2BD-C961-4847-8EFF-F4AA369FEF3F}.Debug|x64.ActiveCfg = Debug|x64
		{1F5AD2BD-C961-4847-8EFF-F4AA369FEF3F}.Debug|x64.Build.0 = Debug|x64
		{1F5AD2BD-C961-4847-8EFF-F4AA369FEF3F}.Debug|x86.ActiveCfg = Debug|x86
		{1F5AD2BD-C961-4847-8EFF-F4AA369FEF3F}.Debug|x86.Build.0 = Debug|x86
		{1F5AD2BD-C961-4847-8EFF-F4AA369FEF3F}.Release|Any CPU.ActiveCfg = Release|Any CPU
		{1F5AD2BD-C961-4847-8EFF-F4AA369FEF3F}.Release|Any CPU.Build.0 = Release|Any CPU
		{1F5AD2BD-C961-4847-8EFF-F4AA369FEF3F}.Release|x64.ActiveCfg = Release|x64
		{1F5AD2BD-C961-4847-8EFF-F4AA369FEF3F}.Release|x64.Build.0 = Release|x64
		{1F5AD2BD-C961-4847-8EFF-F4AA369FEF3F}.Release|x86.ActiveCfg = Release|x86
		{3B97381D-1120-4DD8-ACFA-40953F1A5378}.Debug|Any CPU.ActiveCfg = Debug|Any CPU
		{3B97381D-1120-4DD8-ACFA-40953F1A5378}.Debug|Any CPU.Build.0 = Debug|Any CPU
		{3B97381D-1120-4DD8-ACFA-40953F1A5378}.Debug|x64.ActiveCfg = Debug|x64
		{3B97381D-1120-4DD8-ACFA-40953F1A5378}.Debug|x64.Build.0 = Debug|x64
		{3B97381D-1120-4DD8-ACFA-40953F1A5378}.Debug|x86.ActiveCfg = Debug|x86
		{3B97381D-1120-4DD8-ACFA-40953F1A5378}.Debug|x86.Build.0 = Debug|x86
		{3B97381D-1120-4DD8-ACFA-40953F1A5378}.Release|Any CPU.ActiveCfg = Release|Any CPU
		{3B97381D-1120-4DD8-ACFA-40953F1A5378}.Release|Any CPU.Build.0 = Release|Any CPU
		{3B97381D-1120-4DD8-ACFA-40953F1A5378}.Release|x64.ActiveCfg = Release|x64
		{3B97381D-1120-4DD8-ACFA-40953F1A5378}.Release|x64.Build.0 = Release|x64
		{3B97381D-1120-4DD8-ACFA-40953F1A5378}.Release|x86.ActiveCfg = Release|x86
		{3B97381D-1120-4DD8-ACFA-40953F1A5378}.Release|x86.Build.0 = Release|x86
		{6912FF31-716E-429D-BEAF-A04800A438FF}.Debug|Any CPU.ActiveCfg = Debug|Any CPU
		{6912FF31-716E-429D-BEAF-A04800A438FF}.Debug|Any CPU.Build.0 = Debug|Any CPU
		{6912FF31-716E-429D-BEAF-A04800A438FF}.Debug|x64.ActiveCfg = Debug|x64
		{6912FF31-716E-429D-BEAF-A04800A438FF}.Debug|x64.Build.0 = Debug|x64
		{6912FF31-716E-429D-BEAF-A04800A438FF}.Debug|x86.ActiveCfg = Debug|x86
		{6912FF31-716E-429D-BEAF-A04800A438FF}.Debug|x86.Build.0 = Debug|x86
		{6912FF31-716E-429D-BEAF-A04800A438FF}.Release|Any CPU.ActiveCfg = Release|Any CPU
		{6912FF31-716E-429D-BEAF-A04800A438FF}.Release|Any CPU.Build.0 = Release|Any CPU
		{6912FF31-716E-429D-BEAF-A04800A438FF}.Release|x64.ActiveCfg = Release|x64
		{6912FF31-716E-429D-BEAF-A04800A438FF}.Release|x64.Build.0 = Release|x64
		{6912FF31-716E-429D-BEAF-A04800A438FF}.Release|x86.ActiveCfg = Release|x86
		{6912FF31-716E-429D-BEAF-A04800A438FF}.Release|x86.Build.0 = Release|x86
		{2B8D70FE-025D-433F-95F6-518B457144E6}.Debug|Any CPU.ActiveCfg = Debug|Any CPU
		{2B8D70FE-025D-433F-95F6-518B457144E6}.Debug|Any CPU.Build.0 = Debug|Any CPU
		{2B8D70FE-025D-433F-95F6-518B457144E6}.Debug|x64.ActiveCfg = Debug|x64
		{2B8D70FE-025D-433F-95F6-518B457144E6}.Debug|x64.Build.0 = Debug|x64
		{2B8D70FE-025D-433F-95F6-518B457144E6}.Debug|x86.ActiveCfg = Debug|x86
		{2B8D70FE-025D-433F-95F6-518B457144E6}.Debug|x86.Build.0 = Debug|x86
		{2B8D70FE-025D-433F-95F6-518B457144E6}.Release|Any CPU.ActiveCfg = Release|Any CPU
		{2B8D70FE-025D-433F-95F6-518B457144E6}.Release|Any CPU.Build.0 = Release|Any CPU
		{2B8D70FE-025D-433F-95F6-518B457144E6}.Release|x64.ActiveCfg = Release|x64
		{2B8D70FE-025D-433F-95F6-518B457144E6}.Release|x64.Build.0 = Release|x64
		{2B8D70FE-025D-433F-95F6-518B457144E6}.Release|x86.ActiveCfg = Release|x86
		{2B8D70FE-025D-433F-95F6-518B457144E6}.Release|x86.Build.0 = Release|x86
		{D3EDC549-51B1-424E-AFE9-1E63013D9C06}.Debug|Any CPU.ActiveCfg = Debug|Any CPU
		{D3EDC549-51B1-424E-AFE9-1E63013D9C06}.Debug|Any CPU.Build.0 = Debug|Any CPU
		{D3EDC549-51B1-424E-AFE9-1E63013D9C06}.Debug|x64.ActiveCfg = Debug|x64
		{D3EDC549-51B1-424E-AFE9-1E63013D9C06}.Debug|x64.Build.0 = Debug|x64
		{D3EDC549-51B1-424E-AFE9-1E63013D9C06}.Debug|x86.ActiveCfg = Debug|x86
		{D3EDC549-51B1-424E-AFE9-1E63013D9C06}.Debug|x86.Build.0 = Debug|x86
		{D3EDC549-51B1-424E-AFE9-1E63013D9C06}.Release|Any CPU.ActiveCfg = Release|Any CPU
		{D3EDC549-51B1-424E-AFE9-1E63013D9C06}.Release|Any CPU.Build.0 = Release|Any CPU
		{D3EDC549-51B1-424E-AFE9-1E63013D9C06}.Release|x64.ActiveCfg = Release|x64
		{D3EDC549-51B1-424E-AFE9-1E63013D9C06}.Release|x64.Build.0 = Release|x64
		{D3EDC549-51B1-424E-AFE9-1E63013D9C06}.Release|x86.ActiveCfg = Release|x86
		{D3EDC549-51B1-424E-AFE9-1E63013D9C06}.Release|x86.Build.0 = Release|x86
		{9FE18989-ADC4-4857-A874-EFFA527D82BD}.Debug|Any CPU.ActiveCfg = Debug|Any CPU
		{9FE18989-ADC4-4857-A874-EFFA527D82BD}.Debug|Any CPU.Build.0 = Debug|Any CPU
		{9FE18989-ADC4-4857-A874-EFFA527D82BD}.Debug|x64.ActiveCfg = Debug|x64
		{9FE18989-ADC4-4857-A874-EFFA527D82BD}.Debug|x64.Build.0 = Debug|x64
		{9FE18989-ADC4-4857-A874-EFFA527D82BD}.Debug|x86.ActiveCfg = Debug|x86
		{9FE18989-ADC4-4857-A874-EFFA527D82BD}.Debug|x86.Build.0 = Debug|x86
		{9FE18989-ADC4-4857-A874-EFFA527D82BD}.Release|Any CPU.ActiveCfg = Release|Any CPU
		{9FE18989-ADC4-4857-A874-EFFA527D82BD}.Release|Any CPU.Build.0 = Release|Any CPU
		{9FE18989-ADC4-4857-A874-EFFA527D82BD}.Release|x64.ActiveCfg = Release|x64
		{9FE18989-ADC4-4857-A874-EFFA527D82BD}.Release|x64.Build.0 = Release|x64
		{9FE18989-ADC4-4857-A874-EFFA527D82BD}.Release|x86.ActiveCfg = Release|x86
		{9FE18989-ADC4-4857-A874-EFFA527D82BD}.Release|x86.Build.0 = Release|x86
		{F9614C3B-E4D2-440C-8E9B-3D9ED26D1B64}.Debug|Any CPU.ActiveCfg = Debug|Any CPU
		{F9614C3B-E4D2-440C-8E9B-3D9ED26D1B64}.Debug|Any CPU.Build.0 = Debug|Any CPU
		{F9614C3B-E4D2-440C-8E9B-3D9ED26D1B64}.Debug|x64.ActiveCfg = Debug|x64
		{F9614C3B-E4D2-440C-8E9B-3D9ED26D1B64}.Debug|x64.Build.0 = Debug|x64
		{F9614C3B-E4D2-440C-8E9B-3D9ED26D1B64}.Debug|x86.ActiveCfg = Debug|x86
		{F9614C3B-E4D2-440C-8E9B-3D9ED26D1B64}.Debug|x86.Build.0 = Debug|x86
		{F9614C3B-E4D2-440C-8E9B-3D9ED26D1B64}.Release|Any CPU.ActiveCfg = Release|Any CPU
		{F9614C3B-E4D2-440C-8E9B-3D9ED26D1B64}.Release|Any CPU.Build.0 = Release|Any CPU
		{F9614C3B-E4D2-440C-8E9B-3D9ED26D1B64}.Release|x64.ActiveCfg = Release|x64
		{F9614C3B-E4D2-440C-8E9B-3D9ED26D1B64}.Release|x64.Build.0 = Release|x64
		{F9614C3B-E4D2-440C-8E9B-3D9ED26D1B64}.Release|x86.ActiveCfg = Release|x86
		{F9614C3B-E4D2-440C-8E9B-3D9ED26D1B64}.Release|x86.Build.0 = Release|x86
		{CE3B1461-2555-4596-AAFE-A8C4DB25A9AF}.Debug|Any CPU.ActiveCfg = Debug|Any CPU
		{CE3B1461-2555-4596-AAFE-A8C4DB25A9AF}.Debug|Any CPU.Build.0 = Debug|Any CPU
		{CE3B1461-2555-4596-AAFE-A8C4DB25A9AF}.Debug|x64.ActiveCfg = Debug|x64
		{CE3B1461-2555-4596-AAFE-A8C4DB25A9AF}.Debug|x64.Build.0 = Debug|x64
		{CE3B1461-2555-4596-AAFE-A8C4DB25A9AF}.Debug|x86.ActiveCfg = Debug|x86
		{CE3B1461-2555-4596-AAFE-A8C4DB25A9AF}.Debug|x86.Build.0 = Debug|x86
		{CE3B1461-2555-4596-AAFE-A8C4DB25A9AF}.Release|Any CPU.ActiveCfg = Release|Any CPU
		{CE3B1461-2555-4596-AAFE-A8C4DB25A9AF}.Release|Any CPU.Build.0 = Release|Any CPU
		{CE3B1461-2555-4596-AAFE-A8C4DB25A9AF}.Release|x64.ActiveCfg = Release|x64
		{CE3B1461-2555-4596-AAFE-A8C4DB25A9AF}.Release|x64.Build.0 = Release|x64
		{CE3B1461-2555-4596-AAFE-A8C4DB25A9AF}.Release|x86.ActiveCfg = Release|x86
		{CE3B1461-2555-4596-AAFE-A8C4DB25A9AF}.Release|x86.Build.0 = Release|x86
		{9AE429C9-ECC3-493F-846F-F5B1D332865D}.Debug|Any CPU.ActiveCfg = Debug|Any CPU
		{9AE429C9-ECC3-493F-846F-F5B1D332865D}.Debug|Any CPU.Build.0 = Debug|Any CPU
		{9AE429C9-ECC3-493F-846F-F5B1D332865D}.Debug|x64.ActiveCfg = Debug|x64
		{9AE429C9-ECC3-493F-846F-F5B1D332865D}.Debug|x64.Build.0 = Debug|x64
		{9AE429C9-ECC3-493F-846F-F5B1D332865D}.Debug|x86.ActiveCfg = Debug|x86
		{9AE429C9-ECC3-493F-846F-F5B1D332865D}.Debug|x86.Build.0 = Debug|x86
		{9AE429C9-ECC3-493F-846F-F5B1D332865D}.Release|Any CPU.ActiveCfg = Release|Any CPU
		{9AE429C9-ECC3-493F-846F-F5B1D332865D}.Release|Any CPU.Build.0 = Release|Any CPU
		{9AE429C9-ECC3-493F-846F-F5B1D332865D}.Release|x64.ActiveCfg = Release|x64
		{9AE429C9-ECC3-493F-846F-F5B1D332865D}.Release|x64.Build.0 = Release|x64
		{9AE429C9-ECC3-493F-846F-F5B1D332865D}.Release|x86.ActiveCfg = Release|x86
		{9AE429C9-ECC3-493F-846F-F5B1D332865D}.Release|x86.Build.0 = Release|x86
	EndGlobalSection
	GlobalSection(SolutionProperties) = preSolution
		HideSolutionNode = FALSE
	EndGlobalSection
	GlobalSection(NestedProjects) = preSolution
		{1F5AD2BD-C961-4847-8EFF-F4AA369FEF3F} = {3F563803-8BCB-4477-89CF-91167A8F887C}
		{3B97381D-1120-4DD8-ACFA-40953F1A5378} = {53975472-4A48-4B67-8AF5-029EF31DEA39}
		{6912FF31-716E-429D-BEAF-A04800A438FF} = {53975472-4A48-4B67-8AF5-029EF31DEA39}
		{2B8D70FE-025D-433F-95F6-518B457144E6} = {BC2545B1-7D32-4DBC-BA36-C49AF2536B82}
		{D3EDC549-51B1-424E-AFE9-1E63013D9C06} = {BC2545B1-7D32-4DBC-BA36-C49AF2536B82}
		{9FE18989-ADC4-4857-A874-EFFA527D82BD} = {53975472-4A48-4B67-8AF5-029EF31DEA39}
		{F9614C3B-E4D2-440C-8E9B-3D9ED26D1B64} = {BC2545B1-7D32-4DBC-BA36-C49AF2536B82}
		{CE3B1461-2555-4596-AAFE-A8C4DB25A9AF} = {53975472-4A48-4B67-8AF5-029EF31DEA39}
		{9AE429C9-ECC3-493F-846F-F5B1D332865D} = {53975472-4A48-4B67-8AF5-029EF31DEA39}
	EndGlobalSection
	GlobalSection(ExtensibilityGlobals) = postSolution
		SolutionGuid = {B5CEF6C8-2885-432D-9D8C-8EDBCEB7AA2C}
	EndGlobalSection
EndGlobal
