
Microsoft Visual Studio Solution File, Format Version 12.00
# Visual Studio Version 17
VisualStudioVersion = 17.4.33122.133
MinimumVisualStudioVersion = 10.0.40219.1
Project("{9A19103F-16F7-4668-BE54-9A1E7A4F7556}") = "TgDownloaderConsole", "TgDownloaderConsole\TgDownloaderConsole.csproj", "{1F5AD2BD-C961-4847-8EFF-F4AA369FEF3F}"
EndProject
Global
	GlobalSection(SolutionConfigurationPlatforms) = preSolution
		Debug|Any CPU = Debug|Any CPU
		Release|Any CPU = Release|Any CPU
	EndGlobalSection
	GlobalSection(ProjectConfigurationPlatforms) = postSolution
		{1F5AD2BD-C961-4847-8EFF-F4AA369FEF3F}.Debug|Any CPU.ActiveCfg = Debug|Any CPU
		{1F5AD2BD-C961-4847-8EFF-F4AA369FEF3F}.Debug|Any CPU.Build.0 = Debug|Any CPU
		{1F5AD2BD-C961-4847-8EFF-F4AA369FEF3F}.Release|Any CPU.ActiveCfg = Release|Any CPU
		{1F5AD2BD-C961-4847-8EFF-F4AA369FEF3F}.Release|Any CPU.Build.0 = Release|Any CPU
	EndGlobalSection
	GlobalSection(SolutionProperties) = preSolution
		HideSolutionNode = FALSE
	EndGlobalSection
	GlobalSection(ExtensibilityGlobals) = postSolution
		SolutionGuid = {B5CEF6C8-2885-432D-9D8C-8EDBCEB7AA2C}
	EndGlobalSection
EndGlobal
